{
    "_readme": [
        "This file locks the dependencies of your project to a known state",
        "Read more about it at https://getcomposer.org/doc/01-basic-usage.md#installing-dependencies",
        "This file is @generated automatically"
    ],
    "content-hash": "c99c759eb7cc496558eec43ab2479eaa",
    "packages": [
        {
            "name": "mark-php/mark",
            "version": "v2.0.2",
            "source": {
                "type": "git",
                "url": "https://github.com/passwalls/mark.git",
                "reference": "0d535b3d6ba462d16ac80452465bd2415102c46b"
            },
            "dist": {
                "type": "zip",
                "url": "https://api.github.com/repos/passwalls/mark/zipball/0d535b3d6ba462d16ac80452465bd2415102c46b",
                "reference": "0d535b3d6ba462d16ac80452465bd2415102c46b",
                "shasum": ""
            },
            "require": {
                "nikic/fast-route": "^1.3",
                "php": ">=7.1",
                "workerman/workerman": "^4.0.4"
            },
            "suggest": {
                "ext-event": "For better performance. "
            },
            "type": "library",
            "autoload": {
                "psr-4": {
                    "Mark\\": "./src"
                }
            },
            "notification-url": "https://packagist.org/downloads/",
            "license": [
                "MIT"
            ],
            "description": "a PHP API micro framework based on workerman",
            "support": {
                "issues": "https://github.com/passwalls/mark/issues",
                "source": "https://github.com/passwalls/mark/tree/v2.0.2"
            },
            "time": "2022-04-25T02:28:18+00:00"
        },
        {
            "name": "nikic/fast-route",
            "version": "v1.3.0",
            "source": {
                "type": "git",
                "url": "https://github.com/nikic/FastRoute.git",
                "reference": "181d480e08d9476e61381e04a71b34dc0432e812"
            },
            "dist": {
                "type": "zip",
                "url": "https://api.github.com/repos/nikic/FastRoute/zipball/181d480e08d9476e61381e04a71b34dc0432e812",
                "reference": "181d480e08d9476e61381e04a71b34dc0432e812",
                "shasum": ""
            },
            "require": {
                "php": ">=5.4.0"
            },
            "require-dev": {
                "phpunit/phpunit": "^4.8.35|~5.7"
            },
            "type": "library",
            "autoload": {
                "files": [
                    "src/functions.php"
                ],
                "psr-4": {
                    "FastRoute\\": "src/"
                }
            },
            "notification-url": "https://packagist.org/downloads/",
            "license": [
                "BSD-3-Clause"
            ],
            "authors": [
                {
                    "name": "Nikita Popov",
                    "email": "nikic@php.net"
                }
            ],
            "description": "Fast request router for PHP",
            "keywords": [
                "router",
                "routing"
            ],
            "support": {
                "issues": "https://github.com/nikic/FastRoute/issues",
                "source": "https://github.com/nikic/FastRoute/tree/master"
            },
            "time": "2018-02-13T20:26:39+00:00"
        },
        {
            "name": "workerman/workerman",
            "version": "v4.1.4",
            "source": {
                "type": "git",
                "url": "https://github.com/walkor/workerman.git",
                "reference": "83e007acf936e2233ac92d7368b87716f2bae338"
            },
            "dist": {
                "type": "zip",
                "url": "https://api.github.com/repos/walkor/workerman/zipball/83e007acf936e2233ac92d7368b87716f2bae338",
                "reference": "83e007acf936e2233ac92d7368b87716f2bae338",
                "shasum": ""
            },
            "require": {
                "php": ">=7.0"
            },
            "suggest": {
                "ext-event": "For better performance. "
            },
            "type": "library",
            "autoload": {
                "psr-4": {
                    "Workerman\\": "./"
                }
            },
            "notification-url": "https://packagist.org/downloads/",
            "license": [
                "MIT"
            ],
            "authors": [
                {
                    "name": "walkor",
                    "email": "walkor@workerman.net",
                    "homepage": "http://www.workerman.net",
                    "role": "Developer"
                }
            ],
            "description": "An asynchronous event driven PHP framework for easily building fast, scalable network applications.",
            "homepage": "http://www.workerman.net",
            "keywords": [
                "asynchronous",
                "event-loop"
            ],
            "support": {
                "email": "walkor@workerman.net",
                "forum": "http://wenda.workerman.net/",
                "issues": "https://github.com/walkor/workerman/issues",
                "source": "https://github.com/walkor/workerman",
                "wiki": "http://doc.workerman.net/"
            },
            "funding": [
                {
                    "url": "https://opencollective.com/workerman",
                    "type": "open_collective"
                },
                {
                    "url": "https://www.patreon.com/walkor",
                    "type": "patreon"
                }
            ],
            "time": "2022-10-09T11:33:14+00:00"
        }
    ],
    "packages-dev": [],
    "aliases": [],
    "minimum-stability": "stable",
    "stability-flags": [],
    "prefer-stable": false,
    "prefer-lowest": false,
    "platform": [],
    "platform-dev": [],
    "plugin-api-version": "2.3.0"
}
